
Microsoft Visual Studio Solution File, Format Version 12.00
# Visual Studio Version 16
VisualStudioVersion = 16.0.31624.102
MinimumVisualStudioVersion = 10.0.40219.1
Project("{FAE04EC0-301F-11D3-BF4B-00C04F79EFBC}") = "MediatrExample", "MediatrExample\MediatrExample.csproj", "{4A49EDD3-DAA2-4B3B-BC14-AD414A60664E}"
EndProject
Global
	GlobalSection(SolutionConfigurationPlatforms) = preSolution
		Debug|Any CPU = Debug|Any CPU
		Release|Any CPU = Release|Any CPU
	EndGlobalSection
	GlobalSection(ProjectConfigurationPlatforms) = postSolution
		{4A49EDD3-DAA2-4B3B-BC14-AD414A60664E}.Debug|Any CPU.ActiveCfg = Debug|Any CPU
		{4A49EDD3-DAA2-4B3B-BC14-AD414A60664E}.Debug|Any CPU.Build.0 = Debug|Any CPU
		{4A49EDD3-DAA2-4B3B-BC14-AD414A60664E}.Release|Any CPU.ActiveCfg = Release|Any CPU
		{4A49EDD3-DAA2-4B3B-BC14-AD414A60664E}.Release|Any CPU.Build.0 = Release|Any CPU
	EndGlobalSection
	GlobalSection(SolutionProperties) = preSolution
		HideSolutionNode = FALSE
	EndGlobalSection
	GlobalSection(ExtensibilityGlobals) = postSolution
		SolutionGuid = {8CC945A8-6E52-4986-86AD-844C82622846}
	EndGlobalSection
EndGlobal
